<?xml version="1.0" encoding="utf-8"?>
<Project ToolsVersion="4.0" xmlns="http://schemas.microsoft.com/developer/msbuild/2003">
  <ItemGroup>
    <Filter Include="Asset">
      <UniqueIdentifier>{13345c02-f868-4208-b06a-e6860590c644}</UniqueIdentifier>
    </Filter>
    <Filter Include="Source">
      <UniqueIdentifier>{def6f598-a3da-4efb-86bc-5ec60d68f743}</UniqueIdentifier>
    </Filter>
    <Filter Include="Source\Application">
      <UniqueIdentifier>{b8dbe9b6-5b22-4cfd-a0fa-c658b3fd5c72}</UniqueIdentifier>
    </Filter>
    <Filter Include="Source\Graphics">
      <UniqueIdentifier>{ed7c8a03-9ce8-4d78-8964-bafaba9323c8}</UniqueIdentifier>
    </Filter>
    <Filter Include="Source\Graphics\Heap">
      <UniqueIdentifier>{33439b38-1f07-471b-a448-1e55d170bdc1}</UniqueIdentifier>
    </Filter>
    <Filter Include="Source\Graphics\Heap\CBVSRVUAVHeap">
      <UniqueIdentifier>{e52d36b1-63e8-4d8c-9cb4-7c9c18cdffac}</UniqueIdentifier>
    </Filter>
    <Filter Include="Source\Graphics\Heap\RTVHeap">
      <UniqueIdentifier>{2edcfba9-2863-4ace-afa4-1b9dc1110d23}</UniqueIdentifier>
    </Filter>
    <Filter Include="Source\Graphics\Mesh">
      <UniqueIdentifier>{9934be76-eac7-4cb7-bf46-2eeb09402fb7}</UniqueIdentifier>
    </Filter>
    <Filter Include="Source\Graphics\Mesh\MeshData">
      <UniqueIdentifier>{a6160f1c-1784-4701-aceb-8db8085ce4d8}</UniqueIdentifier>
    </Filter>
    <Filter Include="Source\Graphics\Model">
      <UniqueIdentifier>{e1001f71-7073-4802-b222-8f41d451c621}</UniqueIdentifier>
    </Filter>
    <Filter Include="Source\Graphics\Shader">
      <UniqueIdentifier>{74a744a6-cccf-40c9-b2a0-e7dfd10d81d6}</UniqueIdentifier>
    </Filter>
    <Filter Include="Source\Graphics\Shader\Pipeline">
      <UniqueIdentifier>{80092896-fd74-4a08-bbfa-c1d63a7ee979}</UniqueIdentifier>
    </Filter>
    <Filter Include="Source\Graphics\Shader\RootSignature">
      <UniqueIdentifier>{9b7d10c5-581f-490b-a578-0e446847421f}</UniqueIdentifier>
    </Filter>
    <Filter Include="Source\System">
      <UniqueIdentifier>{d6bec0a0-cbde-4f20-8536-40c253a266d5}</UniqueIdentifier>
    </Filter>
    <Filter Include="Source\System\Utility">
      <UniqueIdentifier>{b642b0ca-def4-4e11-88d7-805d9535c957}</UniqueIdentifier>
    </Filter>
    <Filter Include="Source\System\Window">
      <UniqueIdentifier>{4d7b9280-25c5-4668-9f4a-0bb081c0e9a4}</UniqueIdentifier>
    </Filter>
    <Filter Include="Asset\Shader">
      <UniqueIdentifier>{ff4ab02c-37cf-49bf-a779-392893f53aff}</UniqueIdentifier>
    </Filter>
    <Filter Include="Source\Graphics\Heap\DSVHeap">
      <UniqueIdentifier>{969bb537-5aba-4dac-9ac2-3ba2e1856705}</UniqueIdentifier>
    </Filter>
    <Filter Include="Source\Graphics\Buffer">
      <UniqueIdentifier>{b5fefc73-d1f4-43ec-901e-5800b019f8c7}</UniqueIdentifier>
    </Filter>
    <Filter Include="Source\Graphics\Buffer\DepthStencil">
      <UniqueIdentifier>{0f3ad4c5-0b2a-4cc3-ab12-7ec8a2e2efa9}</UniqueIdentifier>
    </Filter>
    <Filter Include="Source\Graphics\Buffer\CBufferAllocater">
      <UniqueIdentifier>{66b2cb57-b089-4703-b0e8-fa837d325d1a}</UniqueIdentifier>
    </Filter>
    <Filter Include="Source\Graphics\Buffer\CBufferAllocater\CBufferData">
      <UniqueIdentifier>{22817b74-c245-4e0d-a21d-fb9290438e51}</UniqueIdentifier>
    </Filter>
    <Filter Include="Source\Graphics\Buffer\Texture">
      <UniqueIdentifier>{bbbd09ba-43d2-4046-8965-9d43e8e11ef6}</UniqueIdentifier>
    </Filter>
    <Filter Include="Source\System\Animation">
      <UniqueIdentifier>{459f4cdb-2859-4a31-b3fe-6b48f1be6237}</UniqueIdentifier>
    </Filter>
  </ItemGroup>
  <ItemGroup>
    <ClInclude Include="Source\Pch.h">
      <Filter>Source</Filter>
    </ClInclude>
    <ClInclude Include="Source\Application\Application.h">
      <Filter>Source\Application</Filter>
    </ClInclude>
    <ClInclude Include="Source\Graphics\GraphicsDevice.h">
      <Filter>Source\Graphics</Filter>
    </ClInclude>
    <ClInclude Include="Source\Graphics\Heap\Heap.h">
      <Filter>Source\Graphics\Heap</Filter>
    </ClInclude>
    <ClInclude Include="Source\Graphics\Heap\CBVSRVUAVHeap\CBVSRVUAVHeap.h">
      <Filter>Source\Graphics\Heap\CBVSRVUAVHeap</Filter>
    </ClInclude>
    <ClInclude Include="Source\Graphics\Heap\RTVHeap\RTVHeap.h">
      <Filter>Source\Graphics\Heap\RTVHeap</Filter>
    </ClInclude>
    <ClInclude Include="Source\Graphics\Mesh\Mesh.h">
      <Filter>Source\Graphics\Mesh</Filter>
    </ClInclude>
    <ClInclude Include="Source\Graphics\Mesh\MeshData\MeshData.h">
      <Filter>Source\Graphics\Mesh\MeshData</Filter>
    </ClInclude>
    <ClInclude Include="Source\Graphics\Model\ModelLoader.h">
      <Filter>Source\Graphics\Model</Filter>
    </ClInclude>
    <ClInclude Include="Source\Graphics\Model\Model.h">
      <Filter>Source\Graphics\Model</Filter>
    </ClInclude>
    <ClInclude Include="Source\Graphics\Shader\Shader.h">
      <Filter>Source\Graphics\Shader</Filter>
    </ClInclude>
    <ClInclude Include="Source\Graphics\Shader\Pipeline\Pipeline.h">
      <Filter>Source\Graphics\Shader\Pipeline</Filter>
    </ClInclude>
    <ClInclude Include="Source\Graphics\Shader\RootSignature\RootSignature.h">
      <Filter>Source\Graphics\Shader\RootSignature</Filter>
    </ClInclude>
    <ClInclude Include="Source\System\System.h">
      <Filter>Source\System</Filter>
    </ClInclude>
    <ClInclude Include="Source\System\Utility\Utility.h">
      <Filter>Source\System\Utility</Filter>
    </ClInclude>
    <ClInclude Include="Source\System\Window\Window.h">
      <Filter>Source\System\Window</Filter>
    </ClInclude>
    <ClInclude Include="Source\Graphics\Heap\DSVHeap\DSVHeap.h">
      <Filter>Source\Graphics\Heap\DSVHeap</Filter>
    </ClInclude>
    <ClInclude Include="Source\Graphics\Buffer\Buffer.h">
      <Filter>Source\Graphics\Buffer</Filter>
    </ClInclude>
    <ClInclude Include="Source\Graphics\Buffer\DepthStencil\DepthStencil.h">
      <Filter>Source\Graphics\Buffer\DepthStencil</Filter>
    </ClInclude>
    <ClInclude Include="Source\Graphics\Buffer\CBufferAllocater\CBufferAllocater.h">
      <Filter>Source\Graphics\Buffer\CBufferAllocater</Filter>
    </ClInclude>
    <ClInclude Include="Source\Graphics\Buffer\CBufferAllocater\CBufferData\CBufferData.h">
      <Filter>Source\Graphics\Buffer\CBufferAllocater\CBufferData</Filter>
    </ClInclude>
    <ClInclude Include="Source\Graphics\Buffer\Texture\Texture.h">
      <Filter>Source\Graphics\Buffer\Texture</Filter>
    </ClInclude>
    <ClInclude Include="Source\System\Animation\Animation.h">
      <Filter>Source\System\Animation</Filter>
    </ClInclude>
  </ItemGroup>
  <ItemGroup>
    <ClCompile Include="Source\Pch.cpp">
      <Filter>Source</Filter>
    </ClCompile>
    <ClCompile Include="Source\Application\Application.cpp">
      <Filter>Source\Application</Filter>
    </ClCompile>
    <ClCompile Include="Source\Graphics\GraphicsDevice.cpp">
      <Filter>Source\Graphics</Filter>
    </ClCompile>
    <ClCompile Include="Source\Graphics\Heap\CBVSRVUAVHeap\CBVSRVUAVHeap.cpp">
      <Filter>Source\Graphics\Heap\CBVSRVUAVHeap</Filter>
    </ClCompile>
    <ClCompile Include="Source\Graphics\Heap\RTVHeap\RTVHeap.cpp">
      <Filter>Source\Graphics\Heap\RTVHeap</Filter>
    </ClCompile>
    <ClCompile Include="Source\Graphics\Mesh\Mesh.cpp">
      <Filter>Source\Graphics\Mesh</Filter>
    </ClCompile>
    <ClCompile Include="Source\Graphics\Model\ModelLoader.cpp">
      <Filter>Source\Graphics\Model</Filter>
    </ClCompile>
    <ClCompile Include="Source\Graphics\Model\Model.cpp">
      <Filter>Source\Graphics\Model</Filter>
    </ClCompile>
    <ClCompile Include="Source\Graphics\Shader\Shader.cpp">
      <Filter>Source\Graphics\Shader</Filter>
    </ClCompile>
    <ClCompile Include="Source\Graphics\Shader\Pipeline\Pipeline.cpp">
      <Filter>Source\Graphics\Shader\Pipeline</Filter>
    </ClCompile>
    <ClCompile Include="Source\Graphics\Shader\RootSignature\RootSignature.cpp">
      <Filter>Source\Graphics\Shader\RootSignature</Filter>
    </ClCompile>
    <ClCompile Include="Source\System\Utility\Utility.cpp">
      <Filter>Source\System\Utility</Filter>
    </ClCompile>
    <ClCompile Include="Source\System\Window\Window.cpp">
      <Filter>Source\System\Window</Filter>
    </ClCompile>
    <ClCompile Include="Source\Graphics\Heap\DSVHeap\DSVHeap.cpp">
      <Filter>Source\Graphics\Heap\DSVHeap</Filter>
    </ClCompile>
    <ClCompile Include="Source\Graphics\Buffer\DepthStencil\DepthStencil.cpp">
      <Filter>Source\Graphics\Buffer\DepthStencil</Filter>
    </ClCompile>
    <ClCompile Include="Source\Graphics\Buffer\CBufferAllocater\CBufferAllocater.cpp">
      <Filter>Source\Graphics\Buffer\CBufferAllocater</Filter>
    </ClCompile>
    <ClCompile Include="Source\Graphics\Buffer\Texture\Texture.cpp">
      <Filter>Source\Graphics\Buffer\Texture</Filter>
    </ClCompile>
    <ClCompile Include="Source\System\Animation\Animation.cpp">
      <Filter>Source\System\Animation</Filter>
    </ClCompile>
  </ItemGroup>
  <ItemGroup>
    <FxCompile Include="Asset\Shader\SimpleShader_PS.hlsl">
      <Filter>Asset\Shader</Filter>
    </FxCompile>
    <FxCompile Include="Asset\Shader\SimpleShader_VS.hlsl">
      <Filter>Asset\Shader</Filter>
    </FxCompile>
  </ItemGroup>
  <ItemGroup>
    <None Include="Asset\Shader\inc_SimpleShader.hlsli">
      <Filter>Asset\Shader</Filter>
    </None>
  </ItemGroup>
</Project>