<?xml version="1.0" encoding="utf-8"?>
<Project ToolsVersion="4.0" xmlns="http://schemas.microsoft.com/developer/msbuild/2003">
  <ItemGroup>
    <Filter Include="Source">
      <UniqueIdentifier>{511e871f-3282-460f-b3d8-bfcd9a6f8c7d}</UniqueIdentifier>
    </Filter>
    <Filter Include="Source\Application">
      <UniqueIdentifier>{d83e89b9-aff2-427f-8f22-aa28303f9158}</UniqueIdentifier>
    </Filter>
    <Filter Include="Source\Graphics">
      <UniqueIdentifier>{1b674a81-990f-4dc6-a3c1-f3947aa4c618}</UniqueIdentifier>
    </Filter>
    <Filter Include="Source\System">
      <UniqueIdentifier>{077e1b35-ae42-4d07-b031-455ef281cc09}</UniqueIdentifier>
    </Filter>
    <Filter Include="Source\System\Window">
      <UniqueIdentifier>{d27489f4-b333-439b-b6bb-32991aebc73e}</UniqueIdentifier>
    </Filter>
    <Filter Include="Source\System\Utility">
      <UniqueIdentifier>{46b95565-b191-4068-890f-9dafb47a63c1}</UniqueIdentifier>
    </Filter>
    <Filter Include="Source\Graphics\RTVHeap">
      <UniqueIdentifier>{3276c1a0-2402-4f12-aee9-ebeae2a79138}</UniqueIdentifier>
    </Filter>
  </ItemGroup>
  <ItemGroup>
    <ClCompile Include="Source\Application\Application.cpp">
      <Filter>Source\Application</Filter>
    </ClCompile>
    <ClCompile Include="Source\System\Window\Window.cpp">
      <Filter>Source\System\Window</Filter>
    </ClCompile>
    <ClCompile Include="Source\Pch.cpp">
      <Filter>Source</Filter>
    </ClCompile>
    <ClCompile Include="Source\System\Utility\Utility.cpp">
      <Filter>Source\System\Utility</Filter>
    </ClCompile>
    <ClCompile Include="Source\Graphics\GraphicsDevice.cpp">
      <Filter>Source\Graphics</Filter>
    </ClCompile>
    <ClCompile Include="Source\Graphics\RTVHeap\RTVHeap.cpp">
      <Filter>Source\Graphics\RTVHeap</Filter>
    </ClCompile>
  </ItemGroup>
  <ItemGroup>
    <ClInclude Include="Source\Application\Application.h">
      <Filter>Source\Application</Filter>
    </ClInclude>
    <ClInclude Include="Source\System\Window\Window.h">
      <Filter>Source\System\Window</Filter>
    </ClInclude>
    <ClInclude Include="Source\Pch.h">
      <Filter>Source</Filter>
    </ClInclude>
    <ClInclude Include="Source\System\System.h">
      <Filter>Source\System</Filter>
    </ClInclude>
    <ClInclude Include="Source\System\Utility\Utility.h">
      <Filter>Source\System\Utility</Filter>
    </ClInclude>
    <ClInclude Include="Source\Graphics\GraphicsDevice.h">
      <Filter>Source\Graphics</Filter>
    </ClInclude>
    <ClInclude Include="Source\Graphics\RTVHeap\RTVHeap.h">
      <Filter>Source\Graphics\RTVHeap</Filter>
    </ClInclude>
  </ItemGroup>
</Project>